Microsoft Visual Studio Solution File, Format Version 12.00
# Visual Studio Version 17
VisualStudioVersion = 17.5.2.0
MinimumVisualStudioVersion = 10.0.40219.1
Project("{2150E333-8FDC-42A3-9474-1A3956D46DE8}") = "L4_DB1017825", "L4_DB1017825", "{4EB8732E-625B-A759-94AC-D804AA7B92CE}"
EndProject
Project("{2150E333-8FDC-42A3-9474-1A3956D46DE8}") = "L9_DB1017825", "L9_DB1017825", "{EBA48492-05A3-6A6A-9230-1E3D19F42B78}"
EndProject
Project("{2150E333-8FDC-42A3-9474-1A3956D46DE8}") = "Lab03-A2-DiegoBenavente", "Lab03-A2-DiegoBenavente", "{46C54A85-FD56-3515-4373-AF0C0FD4F09B}"
EndProject
Project("{2150E333-8FDC-42A3-9474-1A3956D46DE8}") = "L5_DB1017825", "L5_DB1017825", "{5D425097-0328-1712-97DA-88B8515FF9EE}"
EndProject
Project("{2150E333-8FDC-42A3-9474-1A3956D46DE8}") = "L8_DB1017825", "L8_DB1017825", "{1B7B90BF-FB33-B9E6-E4B0-672CF207D4FD}"
EndProject
Project("{2150E333-8FDC-42A3-9474-1A3956D46DE8}") = "L6_DB1017825", "L6_DB1017825", "{25CA57F2-BD1A-9390-21DD-CA58C33DC95A}"
EndProject
Project("{2150E333-8FDC-42A3-9474-1A3956D46DE8}") = "L7_DB1017825", "L7_DB1017825", "{E3CFDBFC-A3AB-75A5-F889-707A610C2480}"
EndProject
Project("{FAE04EC0-301F-11D3-BF4B-00C04F79EFBC}") = "L4_DB1017825", "L4_DB1017825\L4_DB1017825\L4_DB1017825.csproj", "{026DB073-44BB-165A-34F4-7BC29CB867C1}"
EndProject
Project("{FAE04EC0-301F-11D3-BF4B-00C04F79EFBC}") = "L9_DB1017825", "L9_DB1017825\L9_DB1017825\L9_DB1017825.csproj", "{9F6B8E1F-7146-9B30-2466-C8B37AD519AF}"
EndProject
Project("{FAE04EC0-301F-11D3-BF4B-00C04F79EFBC}") = "Lab03-A2-DiegoBenavente", "Lab03-A2-DiegoBenavente\Lab03-A2-DiegoBenavente\Lab03-A2-DiegoBenavente.csproj", "{4B0A6E76-3E88-E0FA-FB5D-747042345E88}"
EndProject
Project("{FAE04EC0-301F-11D3-BF4B-00C04F79EFBC}") = "L5_DB1017825", "L5_DB1017825\L5_DB1017825\L5_DB1017825.csproj", "{395F86AF-E9F0-1473-EA2D-8CC5000CD429}"
EndProject
Project("{FAE04EC0-301F-11D3-BF4B-00C04F79EFBC}") = "L8_DB1017825", "L8_DB1017825\L8_DB1017825\L8_DB1017825.csproj", "{C8611EB8-6873-3B63-EE29-F71DFBD0D970}"
EndProject
Project("{FAE04EC0-301F-11D3-BF4B-00C04F79EFBC}") = "L6_DB1017825", "L6_DB1017825\L6_DB1017825\L6_DB1017825.csproj", "{8A5BA6C4-8A59-1FD3-7290-5EDE373F2AC3}"
EndProject
Project("{FAE04EC0-301F-11D3-BF4B-00C04F79EFBC}") = "L7_DB1017825", "L7_DB1017825\L7_DB1017825\L7_DB1017825.csproj", "{0213848F-7EFD-CADB-0BCB-3937AF2557D7}"
EndProject
Global
	GlobalSection(SolutionConfigurationPlatforms) = preSolution
		Debug|Any CPU = Debug|Any CPU
		Release|Any CPU = Release|Any CPU
	EndGlobalSection
	GlobalSection(ProjectConfigurationPlatforms) = postSolution
		{026DB073-44BB-165A-34F4-7BC29CB867C1}.Debug|Any CPU.ActiveCfg = Debug|Any CPU
		{026DB073-44BB-165A-34F4-7BC29CB867C1}.Debug|Any CPU.Build.0 = Debug|Any CPU
		{026DB073-44BB-165A-34F4-7BC29CB867C1}.Release|Any CPU.ActiveCfg = Release|Any CPU
		{026DB073-44BB-165A-34F4-7BC29CB867C1}.Release|Any CPU.Build.0 = Release|Any CPU
		{9F6B8E1F-7146-9B30-2466-C8B37AD519AF}.Debug|Any CPU.ActiveCfg = Debug|Any CPU
		{9F6B8E1F-7146-9B30-2466-C8B37AD519AF}.Debug|Any CPU.Build.0 = Debug|Any CPU
		{9F6B8E1F-7146-9B30-2466-C8B37AD519AF}.Release|Any CPU.ActiveCfg = Release|Any CPU
		{9F6B8E1F-7146-9B30-2466-C8B37AD519AF}.Release|Any CPU.Build.0 = Release|Any CPU
		{4B0A6E76-3E88-E0FA-FB5D-747042345E88}.Debug|Any CPU.ActiveCfg = Debug|Any CPU
		{4B0A6E76-3E88-E0FA-FB5D-747042345E88}.Debug|Any CPU.Build.0 = Debug|Any CPU
		{4B0A6E76-3E88-E0FA-FB5D-747042345E88}.Release|Any CPU.ActiveCfg = Release|Any CPU
		{4B0A6E76-3E88-E0FA-FB5D-747042345E88}.Release|Any CPU.Build.0 = Release|Any CPU
		{395F86AF-E9F0-1473-EA2D-8CC5000CD429}.Debug|Any CPU.ActiveCfg = Debug|Any CPU
		{395F86AF-E9F0-1473-EA2D-8CC5000CD429}.Debug|Any CPU.Build.0 = Debug|Any CPU
		{395F86AF-E9F0-1473-EA2D-8CC5000CD429}.Release|Any CPU.ActiveCfg = Release|Any CPU
		{395F86AF-E9F0-1473-EA2D-8CC5000CD429}.Release|Any CPU.Build.0 = Release|Any CPU
		{C8611EB8-6873-3B63-EE29-F71DFBD0D970}.Debug|Any CPU.ActiveCfg = Debug|Any CPU
		{C8611EB8-6873-3B63-EE29-F71DFBD0D970}.Debug|Any CPU.Build.0 = Debug|Any CPU
		{C8611EB8-6873-3B63-EE29-F71DFBD0D970}.Release|Any CPU.ActiveCfg = Release|Any CPU
		{C8611EB8-6873-3B63-EE29-F71DFBD0D970}.Release|Any CPU.Build.0 = Release|Any CPU
		{8A5BA6C4-8A59-1FD3-7290-5EDE373F2AC3}.Debug|Any CPU.ActiveCfg = Debug|Any CPU
		{8A5BA6C4-8A59-1FD3-7290-5EDE373F2AC3}.Debug|Any CPU.Build.0 = Debug|Any CPU
		{8A5BA6C4-8A59-1FD3-7290-5EDE373F2AC3}.Release|Any CPU.ActiveCfg = Release|Any CPU
		{8A5BA6C4-8A59-1FD3-7290-5EDE373F2AC3}.Release|Any CPU.Build.0 = Release|Any CPU
		{0213848F-7EFD-CADB-0BCB-3937AF2557D7}.Debug|Any CPU.ActiveCfg = Debug|Any CPU
		{0213848F-7EFD-CADB-0BCB-3937AF2557D7}.Debug|Any CPU.Build.0 = Debug|Any CPU
		{0213848F-7EFD-CADB-0BCB-3937AF2557D7}.Release|Any CPU.ActiveCfg = Release|Any CPU
		{0213848F-7EFD-CADB-0BCB-3937AF2557D7}.Release|Any CPU.Build.0 = Release|Any CPU
	EndGlobalSection
	GlobalSection(SolutionProperties) = preSolution
		HideSolutionNode = FALSE
	EndGlobalSection
	GlobalSection(NestedProjects) = preSolution
		{026DB073-44BB-165A-34F4-7BC29CB867C1} = {4EB8732E-625B-A759-94AC-D804AA7B92CE}
		{9F6B8E1F-7146-9B30-2466-C8B37AD519AF} = {EBA48492-05A3-6A6A-9230-1E3D19F42B78}
		{4B0A6E76-3E88-E0FA-FB5D-747042345E88} = {46C54A85-FD56-3515-4373-AF0C0FD4F09B}
		{395F86AF-E9F0-1473-EA2D-8CC5000CD429} = {5D425097-0328-1712-97DA-88B8515FF9EE}
		{C8611EB8-6873-3B63-EE29-F71DFBD0D970} = {1B7B90BF-FB33-B9E6-E4B0-672CF207D4FD}
		{8A5BA6C4-8A59-1FD3-7290-5EDE373F2AC3} = {25CA57F2-BD1A-9390-21DD-CA58C33DC95A}
		{0213848F-7EFD-CADB-0BCB-3937AF2557D7} = {E3CFDBFC-A3AB-75A5-F889-707A610C2480}
	EndGlobalSection
	GlobalSection(ExtensibilityGlobals) = postSolution
		SolutionGuid = {452D996B-821D-49F5-B0B9-FF6F181557B1}
	EndGlobalSection
EndGlobal
